<?xml version="1.0" encoding="utf-8"?>
<Project ToolsVersion="4.0" xmlns="http://schemas.microsoft.com/developer/msbuild/2003">
  <ItemGroup>
    <Filter Include="소스 파일">
      <UniqueIdentifier>{4FC737F1-C7A5-4376-A066-2A32D752A2FF}</UniqueIdentifier>
      <Extensions>cpp;c;cc;cxx;def;odl;idl;hpj;bat;asm;asmx</Extensions>
    </Filter>
    <Filter Include="헤더 파일">
      <UniqueIdentifier>{93995380-89BD-4b04-88EB-625FBE52EBFB}</UniqueIdentifier>
      <Extensions>h;hh;hpp;hxx;hm;inl;inc;xsd</Extensions>
    </Filter>
    <Filter Include="리소스 파일">
      <UniqueIdentifier>{67DA6AB6-F800-4c08-8B7A-83BB121AAD01}</UniqueIdentifier>
      <Extensions>rc;ico;cur;bmp;dlg;rc2;rct;bin;rgs;gif;jpg;jpeg;jpe;resx;tiff;tif;png;wav;mfcribbon-ms</Extensions>
    </Filter>
  </ItemGroup>
  <ItemGroup>
    <ClInclude Include="HouseholdAccountsApp.h">
      <Filter>헤더 파일</Filter>
    </ClInclude>
    <ClInclude Include="HouseholdAccountsForm.h">
      <Filter>헤더 파일</Filter>
    </ClInclude>
    <ClInclude Include="TextEdit.h">
      <Filter>헤더 파일</Filter>
    </ClInclude>
    <ClInclude Include="Character.h">
      <Filter>헤더 파일</Filter>
    </ClInclude>
    <ClInclude Include="SingleByteCharacter.h">
      <Filter>헤더 파일</Filter>
    </ClInclude>
    <ClInclude Include="DoubleByteCharacter.h">
      <Filter>헤더 파일</Filter>
    </ClInclude>
    <ClInclude Include="Row.h">
      <Filter>헤더 파일</Filter>
    </ClInclude>
    <ClInclude Include="Array.h">
      <Filter>헤더 파일</Filter>
    </ClInclude>
    <ClInclude Include="Text.h">
      <Filter>헤더 파일</Filter>
    </ClInclude>
    <ClInclude Include="TextComponent.h">
      <Filter>헤더 파일</Filter>
    </ClInclude>
    <ClInclude Include="TextComposite.h">
      <Filter>헤더 파일</Filter>
    </ClInclude>
    <ClInclude Include="KeyAction.h">
      <Filter>헤더 파일</Filter>
    </ClInclude>
    <ClInclude Include="EnterKey.h">
      <Filter>헤더 파일</Filter>
    </ClInclude>
    <ClInclude Include="KeyBoard.h">
      <Filter>헤더 파일</Filter>
    </ClInclude>
    <ClInclude Include="BackSpaceKey.h">
      <Filter>헤더 파일</Filter>
    </ClInclude>
    <ClInclude Include="WritingKorean.h">
      <Filter>헤더 파일</Filter>
    </ClInclude>
    <ClInclude Include="WriteKoreanTextProcess.h">
      <Filter>헤더 파일</Filter>
    </ClInclude>
    <ClInclude Include="Caret.h">
      <Filter>헤더 파일</Filter>
    </ClInclude>
    <ClInclude Include="KoreanEnglishChangeKey.h">
      <Filter>헤더 파일</Filter>
    </ClInclude>
    <ClInclude Include="LeftArrowKey.h">
      <Filter>헤더 파일</Filter>
    </ClInclude>
    <ClInclude Include="RightArrowKey.h">
      <Filter>헤더 파일</Filter>
    </ClInclude>
    <ClInclude Include="UpArrowKey.h">
      <Filter>헤더 파일</Filter>
    </ClInclude>
    <ClInclude Include="DownArrowKey.h">
      <Filter>헤더 파일</Filter>
    </ClInclude>
    <ClInclude Include="HomeKey.h">
      <Filter>헤더 파일</Filter>
    </ClInclude>
    <ClInclude Include="EndKey.h">
      <Filter>헤더 파일</Filter>
    </ClInclude>
    <ClInclude Include="DeleteKey.h">
      <Filter>헤더 파일</Filter>
    </ClInclude>
    <ClInclude Include="TextAreaSelected.h">
      <Filter>헤더 파일</Filter>
    </ClInclude>
    <ClInclude Include="ShiftAndLeftArrowKey.h">
      <Filter>헤더 파일</Filter>
    </ClInclude>
    <ClInclude Include="SelectedBackSpaceKey.h">
      <Filter>헤더 파일</Filter>
    </ClInclude>
    <ClInclude Include="ShiftAndRightArrowKey.h">
      <Filter>헤더 파일</Filter>
    </ClInclude>
    <ClInclude Include="SelectedRemoveProcess.h">
      <Filter>헤더 파일</Filter>
    </ClInclude>
    <ClInclude Include="ShiftAndUpArrowKey.h">
      <Filter>헤더 파일</Filter>
    </ClInclude>
    <ClInclude Include="ShiftAndDownArrowKey.h">
      <Filter>헤더 파일</Filter>
    </ClInclude>
    <ClInclude Include="TextAreaSelectedProcess.h">
      <Filter>헤더 파일</Filter>
    </ClInclude>
    <ClInclude Include="ShiftAndHomeKey.h">
      <Filter>헤더 파일</Filter>
    </ClInclude>
    <ClInclude Include="ShiftAndEndKey.h">
      <Filter>헤더 파일</Filter>
    </ClInclude>
    <ClInclude Include="DeleteKeyProcess.h">
      <Filter>헤더 파일</Filter>
    </ClInclude>
    <ClInclude Include="SingleByteCharacterAddProcess.h">
      <Filter>헤더 파일</Filter>
    </ClInclude>
    <ClInclude Include="CtrlAndAKey.h">
      <Filter>헤더 파일</Filter>
    </ClInclude>
    <ClInclude Include="Finder.h">
      <Filter>헤더 파일</Filter>
    </ClInclude>
    <ClInclude Include="MouseDragMovingCaret.h">
      <Filter>헤더 파일</Filter>
    </ClInclude>
  </ItemGroup>
  <ItemGroup>
    <ClCompile Include="HouseholdAccountsApp.cpp">
      <Filter>소스 파일</Filter>
    </ClCompile>
    <ClCompile Include="HouseholdAccountsForm.cpp">
      <Filter>소스 파일</Filter>
    </ClCompile>
    <ClCompile Include="TextEdit.cpp">
      <Filter>소스 파일</Filter>
    </ClCompile>
    <ClCompile Include="Character.cpp">
      <Filter>소스 파일</Filter>
    </ClCompile>
    <ClCompile Include="SingleByteCharacter.cpp">
      <Filter>소스 파일</Filter>
    </ClCompile>
    <ClCompile Include="DoubleByteCharacter.cpp">
      <Filter>소스 파일</Filter>
    </ClCompile>
    <ClCompile Include="Row.cpp">
      <Filter>소스 파일</Filter>
    </ClCompile>
    <ClCompile Include="Text.cpp">
      <Filter>소스 파일</Filter>
    </ClCompile>
    <ClCompile Include="TextComponent.cpp">
      <Filter>소스 파일</Filter>
    </ClCompile>
    <ClCompile Include="TextComposite.cpp">
      <Filter>소스 파일</Filter>
    </ClCompile>
    <ClCompile Include="KeyBoard.cpp">
      <Filter>소스 파일</Filter>
    </ClCompile>
    <ClCompile Include="KeyAction.cpp">
      <Filter>소스 파일</Filter>
    </ClCompile>
    <ClCompile Include="EnterKey.cpp">
      <Filter>소스 파일</Filter>
    </ClCompile>
    <ClCompile Include="BackSpaceKey.cpp">
      <Filter>소스 파일</Filter>
    </ClCompile>
    <ClCompile Include="WritingKorean.cpp">
      <Filter>소스 파일</Filter>
    </ClCompile>
    <ClCompile Include="WriteKoreanTextProcess.cpp">
      <Filter>소스 파일</Filter>
    </ClCompile>
    <ClCompile Include="Caret.cpp">
      <Filter>소스 파일</Filter>
    </ClCompile>
    <ClCompile Include="KoreanEnglishChangeKey.cpp">
      <Filter>소스 파일</Filter>
    </ClCompile>
    <ClCompile Include="LeftArrowKey.cpp">
      <Filter>소스 파일</Filter>
    </ClCompile>
    <ClCompile Include="RightArrowKey.cpp">
      <Filter>소스 파일</Filter>
    </ClCompile>
    <ClCompile Include="UpArrowKey.cpp">
      <Filter>소스 파일</Filter>
    </ClCompile>
    <ClCompile Include="DownArrowKey.cpp">
      <Filter>소스 파일</Filter>
    </ClCompile>
    <ClCompile Include="HomeKey.cpp">
      <Filter>소스 파일</Filter>
    </ClCompile>
    <ClCompile Include="EndKey.cpp">
      <Filter>소스 파일</Filter>
    </ClCompile>
    <ClCompile Include="DeleteKey.cpp">
      <Filter>소스 파일</Filter>
    </ClCompile>
    <ClCompile Include="TextAreaSelected.cpp">
      <Filter>소스 파일</Filter>
    </ClCompile>
    <ClCompile Include="ShiftAndLeftArrowKey.cpp">
      <Filter>소스 파일</Filter>
    </ClCompile>
    <ClCompile Include="SelectedBackSpaceKey.cpp">
      <Filter>소스 파일</Filter>
    </ClCompile>
    <ClCompile Include="ShiftAndRightArrowKey.cpp">
      <Filter>소스 파일</Filter>
    </ClCompile>
    <ClCompile Include="SelectedRemoveProcess.cpp">
      <Filter>소스 파일</Filter>
    </ClCompile>
    <ClCompile Include="ShiftAndUpArrowKey.cpp">
      <Filter>소스 파일</Filter>
    </ClCompile>
    <ClCompile Include="ShiftAndDownArrowKey.cpp">
      <Filter>소스 파일</Filter>
    </ClCompile>
    <ClCompile Include="TextAreaSelectedProcess.cpp">
      <Filter>소스 파일</Filter>
    </ClCompile>
    <ClCompile Include="ShiftAndHomeKey.cpp">
      <Filter>소스 파일</Filter>
    </ClCompile>
    <ClCompile Include="ShiftAndEndKey.cpp">
      <Filter>소스 파일</Filter>
    </ClCompile>
    <ClCompile Include="DeleteKeyProcess.cpp">
      <Filter>소스 파일</Filter>
    </ClCompile>
    <ClCompile Include="SingleByteCharacterAddProcess.cpp">
      <Filter>소스 파일</Filter>
    </ClCompile>
    <ClCompile Include="CtrlAndAKey.cpp">
      <Filter>소스 파일</Filter>
    </ClCompile>
    <ClCompile Include="Finder.cpp">
      <Filter>소스 파일</Filter>
    </ClCompile>
    <ClCompile Include="MouseDragMovingCaret.cpp">
      <Filter>소스 파일</Filter>
    </ClCompile>
  </ItemGroup>
</Project>